// !$*UTF8*$!
{
	archiveVersion = 1;
	classes = {
	};
	objectVersion = 46;
	objects = {

/* Begin PBXBuildFile section */
		257D10221A001B3C00BCB6C8 /* AppDelegate.swift in Sources */ = {isa = PBXBuildFile; fileRef = 257D10211A001B3C00BCB6C8 /* AppDelegate.swift */; };
		257D10241A001B3C00BCB6C8 /* ViewController.swift in Sources */ = {isa = PBXBuildFile; fileRef = 257D10231A001B3C00BCB6C8 /* ViewController.swift */; };
		257D10271A001B3C00BCB6C8 /* Main.storyboard in Resources */ = {isa = PBXBuildFile; fileRef = 257D10251A001B3C00BCB6C8 /* Main.storyboard */; };
		257D10291A001B3C00BCB6C8 /* Images.xcassets in Resources */ = {isa = PBXBuildFile; fileRef = 257D10281A001B3C00BCB6C8 /* Images.xcassets */; };
		257D102C1A001B3C00BCB6C8 /* LaunchScreen.xib in Resources */ = {isa = PBXBuildFile; fileRef = 257D102A1A001B3C00BCB6C8 /* LaunchScreen.xib */; };
		257D10381A001B3D00BCB6C8 /* SCL_File_PickerTests.swift in Sources */ = {isa = PBXBuildFile; fileRef = 257D10371A001B3D00BCB6C8 /* SCL_File_PickerTests.swift */; };
/* End PBXBuildFile section */

/* Begin PBXContainerItemProxy section */
		257D10321A001B3D00BCB6C8 /* PBXContainerItemProxy */ = {
			isa = PBXContainerItemProxy;
			containerPortal = 257D10141A001B3C00BCB6C8 /* Project object */;
			proxyType = 1;
			remoteGlobalIDString = 257D101B1A001B3C00BCB6C8;
			remoteInfo = "SCL File Picker";
		};
/* End PBXContainerItemProxy section */

/* Begin PBXFileReference section */
		257D101C1A001B3C00BCB6C8 /* SCL File Picker.app */ = {isa = PBXFileReference; explicitFileType = wrapper.application; includeInIndex = 0; path = "SCL File Picker.app"; sourceTree = BUILT_PRODUCTS_DIR; };
		257D10201A001B3C00BCB6C8 /* Info.plist */ = {isa = PBXFileReference; lastKnownFileType = text.plist.xml; path = Info.plist; sourceTree = "<group>"; };
		257D10211A001B3C00BCB6C8 /* AppDelegate.swift */ = {isa = PBXFileReference; lastKnownFileType = sourcecode.swift; path = AppDelegate.swift; sourceTree = "<group>"; };
		257D10231A001B3C00BCB6C8 /* ViewController.swift */ = {isa = PBXFileReference; lastKnownFileType = sourcecode.swift; path = ViewController.swift; sourceTree = "<group>"; };
		257D10261A001B3C00BCB6C8 /* Base */ = {isa = PBXFileReference; lastKnownFileType = file.storyboard; name = Base; path = Base.lproj/Main.storyboard; sourceTree = "<group>"; };
		257D10281A001B3C00BCB6C8 /* Images.xcassets */ = {isa = PBXFileReference; lastKnownFileType = folder.assetcatalog; path = Images.xcassets; sourceTree = "<group>"; };
		257D102B1A001B3C00BCB6C8 /* Base */ = {isa = PBXFileReference; lastKnownFileType = file.xib; name = Base; path = Base.lproj/LaunchScreen.xib; sourceTree = "<group>"; };
		257D10311A001B3D00BCB6C8 /* SCL File PickerTests.xctest */ = {isa = PBXFileReference; explicitFileType = wrapper.cfbundle; includeInIndex = 0; path = "SCL File PickerTests.xctest"; sourceTree = BUILT_PRODUCTS_DIR; };
		257D10361A001B3D00BCB6C8 /* Info.plist */ = {isa = PBXFileReference; lastKnownFileType = text.plist.xml; path = Info.plist; sourceTree = "<group>"; };
		257D10371A001B3D00BCB6C8 /* SCL_File_PickerTests.swift */ = {isa = PBXFileReference; lastKnownFileType = sourcecode.swift; path = SCL_File_PickerTests.swift; sourceTree = "<group>"; };
/* End PBXFileReference section */

/* Begin PBXFrameworksBuildPhase section */
		257D10191A001B3C00BCB6C8 /* Frameworks */ = {
			isa = PBXFrameworksBuildPhase;
			buildActionMask = 2147483647;
			files = (
			);
			runOnlyForDeploymentPostprocessing = 0;
		};
		257D102E1A001B3D00BCB6C8 /* Frameworks */ = {
			isa = PBXFrameworksBuildPhase;
			buildActionMask = 2147483647;
			files = (
			);
			runOnlyForDeploymentPostprocessing = 0;
		};
/* End PBXFrameworksBuildPhase section */

/* Begin PBXGroup section */
		257D10131A001B3C00BCB6C8 = {
			isa = PBXGroup;
			children = (
				257D101E1A001B3C00BCB6C8 /* SCL File Picker */,
				257D10341A001B3D00BCB6C8 /* SCL File PickerTests */,
				257D101D1A001B3C00BCB6C8 /* Products */,
			);
			sourceTree = "<group>";
		};
		257D101D1A001B3C00BCB6C8 /* Products */ = {
			isa = PBXGroup;
			children = (
				257D101C1A001B3C00BCB6C8 /* SCL File Picker.app */,
				257D10311A001B3D00BCB6C8 /* SCL File PickerTests.xctest */,
			);
			name = Products;
			sourceTree = "<group>";
		};
		257D101E1A001B3C00BCB6C8 /* SCL File Picker */ = {
			isa = PBXGroup;
			children = (
				257D10211A001B3C00BCB6C8 /* AppDelegate.swift */,
				257D10231A001B3C00BCB6C8 /* ViewController.swift */,
				257D10251A001B3C00BCB6C8 /* Main.storyboard */,
				257D10281A001B3C00BCB6C8 /* Images.xcassets */,
				257D102A1A001B3C00BCB6C8 /* LaunchScreen.xib */,
				257D101F1A001B3C00BCB6C8 /* Supporting Files */,
			);
			path = "SCL File Picker";
			sourceTree = "<group>";
		};
		257D101F1A001B3C00BCB6C8 /* Supporting Files */ = {
			isa = PBXGroup;
			children = (
				257D10201A001B3C00BCB6C8 /* Info.plist */,
			);
			name = "Supporting Files";
			sourceTree = "<group>";
		};
		257D10341A001B3D00BCB6C8 /* SCL File PickerTests */ = {
			isa = PBXGroup;
			children = (
				257D10371A001B3D00BCB6C8 /* SCL_File_PickerTests.swift */,
				257D10351A001B3D00BCB6C8 /* Supporting Files */,
			);
			path = "SCL File PickerTests";
			sourceTree = "<group>";
		};
		257D10351A001B3D00BCB6C8 /* Supporting Files */ = {
			isa = PBXGroup;
			children = (
				257D10361A001B3D00BCB6C8 /* Info.plist */,
			);
			name = "Supporting Files";
			sourceTree = "<group>";
		};
/* End PBXGroup section */

/* Begin PBXNativeTarget section */
		257D101B1A001B3C00BCB6C8 /* SCL File Picker */ = {
			isa = PBXNativeTarget;
			buildConfigurationList = 257D103B1A001B3D00BCB6C8 /* Build configuration list for PBXNativeTarget "SCL File Picker" */;
			buildPhases = (
				257D10181A001B3C00BCB6C8 /* Sources */,
				257D10191A001B3C00BCB6C8 /* Frameworks */,
				257D101A1A001B3C00BCB6C8 /* Resources */,
			);
			buildRules = (
			);
			dependencies = (
			);
			name = "SCL File Picker";
			productName = "SCL File Picker";
			productReference = 257D101C1A001B3C00BCB6C8 /* SCL File Picker.app */;
			productType = "com.apple.product-type.application";
		};
		257D10301A001B3D00BCB6C8 /* SCL File PickerTests */ = {
			isa = PBXNativeTarget;
			buildConfigurationList = 257D103E1A001B3D00BCB6C8 /* Build configuration list for PBXNativeTarget "SCL File PickerTests" */;
			buildPhases = (
				257D102D1A001B3D00BCB6C8 /* Sources */,
				257D102E1A001B3D00BCB6C8 /* Frameworks */,
				257D102F1A001B3D00BCB6C8 /* Resources */,
			);
			buildRules = (
			);
			dependencies = (
				257D10331A001B3D00BCB6C8 /* PBXTargetDependency */,
			);
			name = "SCL File PickerTests";
			productName = "SCL File PickerTests";
			productReference = 257D10311A001B3D00BCB6C8 /* SCL File PickerTests.xctest */;
			productType = "com.apple.product-type.bundle.unit-test";
		};
/* End PBXNativeTarget section */

/* Begin PBXProject section */
		257D10141A001B3C00BCB6C8 /* Project object */ = {
			isa = PBXProject;
			attributes = {
				LastUpgradeCheck = 0610;
				ORGANIZATIONNAME = "Socialcast Inc.,";
				TargetAttributes = {
					257D101B1A001B3C00BCB6C8 = {
						CreatedOnToolsVersion = 6.1;
					};
					257D10301A001B3D00BCB6C8 = {
						CreatedOnToolsVersion = 6.1;
						TestTargetID = 257D101B1A001B3C00BCB6C8;
					};
				};
			};
			buildConfigurationList = 257D10171A001B3C00BCB6C8 /* Build configuration list for PBXProject "SCL File Picker" */;
			compatibilityVersion = "Xcode 3.2";
			developmentRegion = English;
			hasScannedForEncodings = 0;
			knownRegions = (
				en,
				Base,
			);
			mainGroup = 257D10131A001B3C00BCB6C8;
			productRefGroup = 257D101D1A001B3C00BCB6C8 /* Products */;
			projectDirPath = "";
			projectRoot = "";
			targets = (
				257D101B1A001B3C00BCB6C8 /* SCL File Picker */,
				257D10301A001B3D00BCB6C8 /* SCL File PickerTests */,
			);
		};
/* End PBXProject section */

/* Begin PBXResourcesBuildPhase section */
		257D101A1A001B3C00BCB6C8 /* Resources */ = {
			isa = PBXResourcesBuildPhase;
			buildActionMask = 2147483647;
			files = (
				257D10271A001B3C00BCB6C8 /* Main.storyboard in Resources */,
				257D102C1A001B3C00BCB6C8 /* LaunchScreen.xib in Resources */,
				257D10291A001B3C00BCB6C8 /* Images.xcassets in Resources */,
			);
			runOnlyForDeploymentPostprocessing = 0;
		};
		257D102F1A001B3D00BCB6C8 /* Resources */ = {
			isa = PBXResourcesBuildPhase;
			buildActionMask = 2147483647;
			files = (
			);
			runOnlyForDeploymentPostprocessing = 0;
		};
/* End PBXResourcesBuildPhase section */

/* Begin PBXSourcesBuildPhase section */
		257D10181A001B3C00BCB6C8 /* Sources */ = {
			isa = PBXSourcesBuildPhase;
			buildActionMask = 2147483647;
			files = (
				257D10241A001B3C00BCB6C8 /* ViewController.swift in Sources */,
				257D10221A001B3C00BCB6C8 /* AppDelegate.swift in Sources */,
			);
			runOnlyForDeploymentPostprocessing = 0;
		};
		257D102D1A001B3D00BCB6C8 /* Sources */ = {
			isa = PBXSourcesBuildPhase;
			buildActionMask = 2147483647;
			files = (
				257D10381A001B3D00BCB6C8 /* SCL_File_PickerTests.swift in Sources */,
			);
			runOnlyForDeploymentPostprocessing = 0;
		};
/* End PBXSourcesBuildPhase section */

/* Begin PBXTargetDependency section */
		257D10331A001B3D00BCB6C8 /* PBXTargetDependency */ = {
			isa = PBXTargetDependency;
			target = 257D101B1A001B3C00BCB6C8 /* SCL File Picker */;
			targetProxy = 257D10321A001B3D00BCB6C8 /* PBXContainerItemProxy */;
		};
/* End PBXTargetDependency section */

/* Begin PBXVariantGroup section */
		257D10251A001B3C00BCB6C8 /* Main.storyboard */ = {
			isa = PBXVariantGroup;
			children = (
				257D10261A001B3C00BCB6C8 /* Base */,
			);
			name = Main.storyboard;
			sourceTree = "<group>";
		};
		257D102A1A001B3C00BCB6C8 /* LaunchScreen.xib */ = {
			isa = PBXVariantGroup;
			children = (
				257D102B1A001B3C00BCB6C8 /* Base */,
			);
			name = LaunchScreen.xib;
			sourceTree = "<group>";
		};
/* End PBXVariantGroup section */

/* Begin XCBuildConfiguration section */
		257D10391A001B3D00BCB6C8 /* Debug */ = {
			isa = XCBuildConfiguration;
			buildSettings = {
				ALWAYS_SEARCH_USER_PATHS = NO;
				CLANG_CXX_LANGUAGE_STANDARD = "gnu++0x";
				CLANG_CXX_LIBRARY = "libc++";
				CLANG_ENABLE_MODULES = YES;
				CLANG_ENABLE_OBJC_ARC = YES;
				CLANG_WARN_BOOL_CONVERSION = YES;
				CLANG_WARN_CONSTANT_CONVERSION = YES;
				CLANG_WARN_DIRECT_OBJC_ISA_USAGE = YES_ERROR;
				CLANG_WARN_EMPTY_BODY = YES;
				CLANG_WARN_ENUM_CONVERSION = YES;
				CLANG_WARN_INT_CONVERSION = YES;
				CLANG_WARN_OBJC_ROOT_CLASS = YES_ERROR;
				CLANG_WARN_UNREACHABLE_CODE = YES;
				CLANG_WARN__DUPLICATE_METHOD_MATCH = YES;
				"CODE_SIGN_IDENTITY[sdk=iphoneos*]" = "iPhone Developer";
				COPY_PHASE_STRIP = NO;
				ENABLE_STRICT_OBJC_MSGSEND = YES;
				GCC_C_LANGUAGE_STANDARD = gnu99;
				GCC_DYNAMIC_NO_PIC = NO;
				GCC_OPTIMIZATION_LEVEL = 0;
				GCC_PREPROCESSOR_DEFINITIONS = (
					"DEBUG=1",
					"$(inherited)",
				);
				GCC_SYMBOLS_PRIVATE_EXTERN = NO;
				GCC_WARN_64_TO_32_BIT_CONVERSION = YES;
				GCC_WARN_ABOUT_RETURN_TYPE = YES_ERROR;
				GCC_WARN_UNDECLARED_SELECTOR = YES;
				GCC_WARN_UNINITIALIZED_AUTOS = YES_AGGRESSIVE;
				GCC_WARN_UNUSED_FUNCTION = YES;
				GCC_WARN_UNUSED_VARIABLE = YES;
				IPHONEOS_DEPLOYMENT_TARGET = 8.1;
				MTL_ENABLE_DEBUG_INFO = YES;
				ONLY_ACTIVE_ARCH = YES;
				SDKROOT = iphoneos;
				SWIFT_OPTIMIZATION_LEVEL = "-Onone";
				TARGETED_DEVICE_FAMILY = "1,2";
			};
			name = Debug;
		};
		257D103A1A001B3D00BCB6C8 /* Release */ = {
			isa = XCBuildConfiguration;
			buildSettings = {
				ALWAYS_SEARCH_USER_PATHS = NO;
				CLANG_CXX_LANGUAGE_STANDARD = "gnu++0x";
				CLANG_CXX_LIBRARY = "libc++";
				CLANG_ENABLE_MODULES = YES;
				CLANG_ENABLE_OBJC_ARC = YES;
				CLANG_WARN_BOOL_CONVERSION = YES;
				CLANG_WARN_CONSTANT_CONVERSION = YES;
				CLANG_WARN_DIRECT_OBJC_ISA_USAGE = YES_ERROR;
				CLANG_WARN_EMPTY_BODY = YES;
				CLANG_WARN_ENUM_CONVERSION = YES;
				CLANG_WARN_INT_CONVERSION = YES;
				CLANG_WARN_OBJC_ROOT_CLASS = YES_ERROR;
				CLANG_WARN_UNREACHABLE_CODE = YES;
				CLANG_WARN__DUPLICATE_METHOD_MATCH = YES;
				"CODE_SIGN_IDENTITY[sdk=iphoneos*]" = "iPhone Developer";
				COPY_PHASE_STRIP = YES;
				ENABLE_NS_ASSERTIONS = NO;
				ENABLE_STRICT_OBJC_MSGSEND = YES;
				GCC_C_LANGUAGE_STANDARD = gnu99;
				GCC_WARN_64_TO_32_BIT_CONVERSION = YES;
				GCC_WARN_ABOUT_RETURN_TYPE = YES_ERROR;
				GCC_WARN_UNDECLARED_SELECTOR = YES;
				GCC_WARN_UNINITIALIZED_AUTOS = YES_AGGRESSIVE;
				GCC_WARN_UNUSED_FUNCTION = YES;
				GCC_WARN_UNUSED_VARIABLE = YES;
				IPHONEOS_DEPLOYMENT_TARGET = 8.1;
				MTL_ENABLE_DEBUG_INFO = NO;
				SDKROOT = iphoneos;
				TARGETED_DEVICE_FAMILY = "1,2";
				VALIDATE_PRODUCT = YES;
			};
			name = Release;
		};
		257D103C1A001B3D00BCB6C8 /* Debug */ = {
			isa = XCBuildConfiguration;
			buildSettings = {
				ASSETCATALOG_COMPILER_APPICON_NAME = AppIcon;
				INFOPLIST_FILE = "SCL File Picker/Info.plist";
				LD_RUNPATH_SEARCH_PATHS = "$(inherited) @executable_path/Frameworks";
				PRODUCT_NAME = "$(TARGET_NAME)";
			};
			name = Debug;
		};
		257D103D1A001B3D00BCB6C8 /* Release */ = {
			isa = XCBuildConfiguration;
			buildSettings = {
				ASSETCATALOG_COMPILER_APPICON_NAME = AppIcon;
				INFOPLIST_FILE = "SCL File Picker/Info.plist";
				LD_RUNPATH_SEARCH_PATHS = "$(inherited) @executable_path/Frameworks";
				PRODUCT_NAME = "$(TARGET_NAME)";
			};
			name = Release;
		};
		257D103F1A001B3D00BCB6C8 /* Debug */ = {
			isa = XCBuildConfiguration;
			buildSettings = {
				BUNDLE_LOADER = "$(TEST_HOST)";
				FRAMEWORK_SEARCH_PATHS = (
					"$(SDKROOT)/Developer/Library/Frameworks",
					"$(inherited)",
				);
				GCC_PREPROCESSOR_DEFINITIONS = (
					"DEBUG=1",
					"$(inherited)",
				);
				INFOPLIST_FILE = "SCL File PickerTests/Info.plist";
				LD_RUNPATH_SEARCH_PATHS = "$(inherited) @executable_path/Frameworks @loader_path/Frameworks";
				PRODUCT_NAME = "$(TARGET_NAME)";
				TEST_HOST = "$(BUILT_PRODUCTS_DIR)/SCL File Picker.app/SCL File Picker";
			};
			name = Debug;
		};
		257D10401A001B3D00BCB6C8 /* Release */ = {
			isa = XCBuildConfiguration;
			buildSettings = {
				BUNDLE_LOADER = "$(TEST_HOST)";
				FRAMEWORK_SEARCH_PATHS = (
					"$(SDKROOT)/Developer/Library/Frameworks",
					"$(inherited)",
				);
				INFOPLIST_FILE = "SCL File PickerTests/Info.plist";
				LD_RUNPATH_SEARCH_PATHS = "$(inherited) @executable_path/Frameworks @loader_path/Frameworks";
				PRODUCT_NAME = "$(TARGET_NAME)";
				TEST_HOST = "$(BUILT_PRODUCTS_DIR)/SCL File Picker.app/SCL File Picker";
			};
			name = Release;
		};
/* End XCBuildConfiguration section */

/* Begin XCConfigurationList section */
		257D10171A001B3C00BCB6C8 /* Build configuration list for PBXProject "SCL File Picker" */ = {
			isa = XCConfigurationList;
			buildConfigurations = (
				257D10391A001B3D00BCB6C8 /* Debug */,
				257D103A1A001B3D00BCB6C8 /* Release */,
			);
			defaultConfigurationIsVisible = 0;
			defaultConfigurationName = Release;
		};
		257D103B1A001B3D00BCB6C8 /* Build configuration list for PBXNativeTarget "SCL File Picker" */ = {
			isa = XCConfigurationList;
			buildConfigurations = (
				257D103C1A001B3D00BCB6C8 /* Debug */,
				257D103D1A001B3D00BCB6C8 /* Release */,
			);
			defaultConfigurationIsVisible = 0;
		};
		257D103E1A001B3D00BCB6C8 /* Build configuration list for PBXNativeTarget "SCL File PickerTests" */ = {
			isa = XCConfigurationList;
			buildConfigurations = (
				257D103F1A001B3D00BCB6C8 /* Debug */,
				257D10401A001B3D00BCB6C8 /* Release */,
			);
			defaultConfigurationIsVisible = 0;
		};
/* End XCConfigurationList section */
	};
	rootObject = 257D10141A001B3C00BCB6C8 /* Project object */;
}
